
Microsoft Visual Studio Solution File, Format Version 12.00
# Visual Studio 15
VisualStudioVersion = 15.0.28010.2003
MinimumVisualStudioVersion = 10.0.40219.1
Project("{FAE04EC0-301F-11D3-BF4B-00C04F79EFBC}") = "Lab1", "Lab1\Lab1.csproj", "{A376D696-5E99-48AD-8D0A-0EAA667195AB}"
EndProject
Project("{FAE04EC0-301F-11D3-BF4B-00C04F79EFBC}") = "Lab2", "Lab2\Lab2.csproj", "{30A0F23A-3EF5-46DC-BCE3-BF34B29C9B6D}"
EndProject
Project("{FAE04EC0-301F-11D3-BF4B-00C04F79EFBC}") = "Tests", "Tests\Tests.csproj", "{196C028C-F878-4E47-A7FA-0779BB6677F9}"
EndProject
Project("{FAE04EC0-301F-11D3-BF4B-00C04F79EFBC}") = "MLSimple", "MLSimple\MLSimple.csproj", "{D0C5607C-A046-4BB4-96B8-5EDEB51F2B30}"
EndProject
Project("{FAE04EC0-301F-11D3-BF4B-00C04F79EFBC}") = "Lab3_1", "WindowsFormsApp1\Lab3_1.csproj", "{F6D3E9CE-7A13-4AAD-9EE7-95DE1C89CB49}"
EndProject
Project("{FAE04EC0-301F-11D3-BF4B-00C04F79EFBC}") = "Lab3_2", "Lab3_2\Lab3_2.csproj", "{09DE4E9E-831D-4DC0-81F9-5CB373AD19B9}"
EndProject
Project("{FAE04EC0-301F-11D3-BF4B-00C04F79EFBC}") = "Lab4", "Lab4(RBF)\Lab4.csproj", "{3CA50698-1463-4715-9C6A-98746AF25261}"
EndProject
Project("{888888A0-9F3D-457C-B088-3A5042F75D52}") = "Lab5", "Lab5\Lab5.pyproj", "{D6A62574-5A4C-48DF-9907-DB5B22F20F8D}"
EndProject
Global
	GlobalSection(SolutionConfigurationPlatforms) = preSolution
		Debug|Any CPU = Debug|Any CPU
		Debug|ARM = Debug|ARM
		Debug|x64 = Debug|x64
		Debug|x86 = Debug|x86
		Release|Any CPU = Release|Any CPU
		Release|ARM = Release|ARM
		Release|x64 = Release|x64
		Release|x86 = Release|x86
	EndGlobalSection
	GlobalSection(ProjectConfigurationPlatforms) = postSolution
		{A376D696-5E99-48AD-8D0A-0EAA667195AB}.Debug|Any CPU.ActiveCfg = Debug|Any CPU
		{A376D696-5E99-48AD-8D0A-0EAA667195AB}.Debug|Any CPU.Build.0 = Debug|Any CPU
		{A376D696-5E99-48AD-8D0A-0EAA667195AB}.Debug|ARM.ActiveCfg = Debug|Any CPU
		{A376D696-5E99-48AD-8D0A-0EAA667195AB}.Debug|ARM.Build.0 = Debug|Any CPU
		{A376D696-5E99-48AD-8D0A-0EAA667195AB}.Debug|x64.ActiveCfg = Debug|Any CPU
		{A376D696-5E99-48AD-8D0A-0EAA667195AB}.Debug|x64.Build.0 = Debug|Any CPU
		{A376D696-5E99-48AD-8D0A-0EAA667195AB}.Debug|x86.ActiveCfg = Debug|Any CPU
		{A376D696-5E99-48AD-8D0A-0EAA667195AB}.Debug|x86.Build.0 = Debug|Any CPU
		{A376D696-5E99-48AD-8D0A-0EAA667195AB}.Release|Any CPU.ActiveCfg = Release|Any CPU
		{A376D696-5E99-48AD-8D0A-0EAA667195AB}.Release|Any CPU.Build.0 = Release|Any CPU
		{A376D696-5E99-48AD-8D0A-0EAA667195AB}.Release|ARM.ActiveCfg = Release|Any CPU
		{A376D696-5E99-48AD-8D0A-0EAA667195AB}.Release|ARM.Build.0 = Release|Any CPU
		{A376D696-5E99-48AD-8D0A-0EAA667195AB}.Release|x64.ActiveCfg = Release|Any CPU
		{A376D696-5E99-48AD-8D0A-0EAA667195AB}.Release|x64.Build.0 = Release|Any CPU
		{A376D696-5E99-48AD-8D0A-0EAA667195AB}.Release|x86.ActiveCfg = Release|Any CPU
		{A376D696-5E99-48AD-8D0A-0EAA667195AB}.Release|x86.Build.0 = Release|Any CPU
		{30A0F23A-3EF5-46DC-BCE3-BF34B29C9B6D}.Debug|Any CPU.ActiveCfg = Debug|Any CPU
		{30A0F23A-3EF5-46DC-BCE3-BF34B29C9B6D}.Debug|Any CPU.Build.0 = Debug|Any CPU
		{30A0F23A-3EF5-46DC-BCE3-BF34B29C9B6D}.Debug|ARM.ActiveCfg = Debug|Any CPU
		{30A0F23A-3EF5-46DC-BCE3-BF34B29C9B6D}.Debug|ARM.Build.0 = Debug|Any CPU
		{30A0F23A-3EF5-46DC-BCE3-BF34B29C9B6D}.Debug|x64.ActiveCfg = Debug|Any CPU
		{30A0F23A-3EF5-46DC-BCE3-BF34B29C9B6D}.Debug|x64.Build.0 = Debug|Any CPU
		{30A0F23A-3EF5-46DC-BCE3-BF34B29C9B6D}.Debug|x86.ActiveCfg = Debug|Any CPU
		{30A0F23A-3EF5-46DC-BCE3-BF34B29C9B6D}.Debug|x86.Build.0 = Debug|Any CPU
		{30A0F23A-3EF5-46DC-BCE3-BF34B29C9B6D}.Release|Any CPU.ActiveCfg = Release|Any CPU
		{30A0F23A-3EF5-46DC-BCE3-BF34B29C9B6D}.Release|Any CPU.Build.0 = Release|Any CPU
		{30A0F23A-3EF5-46DC-BCE3-BF34B29C9B6D}.Release|ARM.ActiveCfg = Release|Any CPU
		{30A0F23A-3EF5-46DC-BCE3-BF34B29C9B6D}.Release|ARM.Build.0 = Release|Any CPU
		{30A0F23A-3EF5-46DC-BCE3-BF34B29C9B6D}.Release|x64.ActiveCfg = Release|Any CPU
		{30A0F23A-3EF5-46DC-BCE3-BF34B29C9B6D}.Release|x64.Build.0 = Release|Any CPU
		{30A0F23A-3EF5-46DC-BCE3-BF34B29C9B6D}.Release|x86.ActiveCfg = Release|Any CPU
		{30A0F23A-3EF5-46DC-BCE3-BF34B29C9B6D}.Release|x86.Build.0 = Release|Any CPU
		{196C028C-F878-4E47-A7FA-0779BB6677F9}.Debug|Any CPU.ActiveCfg = Debug|Any CPU
		{196C028C-F878-4E47-A7FA-0779BB6677F9}.Debug|Any CPU.Build.0 = Debug|Any CPU
		{196C028C-F878-4E47-A7FA-0779BB6677F9}.Debug|ARM.ActiveCfg = Debug|Any CPU
		{196C028C-F878-4E47-A7FA-0779BB6677F9}.Debug|ARM.Build.0 = Debug|Any CPU
		{196C028C-F878-4E47-A7FA-0779BB6677F9}.Debug|x64.ActiveCfg = Debug|Any CPU
		{196C028C-F878-4E47-A7FA-0779BB6677F9}.Debug|x64.Build.0 = Debug|Any CPU
		{196C028C-F878-4E47-A7FA-0779BB6677F9}.Debug|x86.ActiveCfg = Debug|Any CPU
		{196C028C-F878-4E47-A7FA-0779BB6677F9}.Debug|x86.Build.0 = Debug|Any CPU
		{196C028C-F878-4E47-A7FA-0779BB6677F9}.Release|Any CPU.ActiveCfg = Release|Any CPU
		{196C028C-F878-4E47-A7FA-0779BB6677F9}.Release|Any CPU.Build.0 = Release|Any CPU
		{196C028C-F878-4E47-A7FA-0779BB6677F9}.Release|ARM.ActiveCfg = Release|Any CPU
		{196C028C-F878-4E47-A7FA-0779BB6677F9}.Release|ARM.Build.0 = Release|Any CPU
		{196C028C-F878-4E47-A7FA-0779BB6677F9}.Release|x64.ActiveCfg = Release|Any CPU
		{196C028C-F878-4E47-A7FA-0779BB6677F9}.Release|x64.Build.0 = Release|Any CPU
		{196C028C-F878-4E47-A7FA-0779BB6677F9}.Release|x86.ActiveCfg = Release|Any CPU
		{196C028C-F878-4E47-A7FA-0779BB6677F9}.Release|x86.Build.0 = Release|Any CPU
		{D0C5607C-A046-4BB4-96B8-5EDEB51F2B30}.Debug|Any CPU.ActiveCfg = Debug|Any CPU
		{D0C5607C-A046-4BB4-96B8-5EDEB51F2B30}.Debug|Any CPU.Build.0 = Debug|Any CPU
		{D0C5607C-A046-4BB4-96B8-5EDEB51F2B30}.Debug|ARM.ActiveCfg = Debug|Any CPU
		{D0C5607C-A046-4BB4-96B8-5EDEB51F2B30}.Debug|ARM.Build.0 = Debug|Any CPU
		{D0C5607C-A046-4BB4-96B8-5EDEB51F2B30}.Debug|x64.ActiveCfg = Debug|Any CPU
		{D0C5607C-A046-4BB4-96B8-5EDEB51F2B30}.Debug|x64.Build.0 = Debug|Any CPU
		{D0C5607C-A046-4BB4-96B8-5EDEB51F2B30}.Debug|x86.ActiveCfg = Debug|Any CPU
		{D0C5607C-A046-4BB4-96B8-5EDEB51F2B30}.Debug|x86.Build.0 = Debug|Any CPU
		{D0C5607C-A046-4BB4-96B8-5EDEB51F2B30}.Release|Any CPU.ActiveCfg = Release|Any CPU
		{D0C5607C-A046-4BB4-96B8-5EDEB51F2B30}.Release|Any CPU.Build.0 = Release|Any CPU
		{D0C5607C-A046-4BB4-96B8-5EDEB51F2B30}.Release|ARM.ActiveCfg = Release|Any CPU
		{D0C5607C-A046-4BB4-96B8-5EDEB51F2B30}.Release|ARM.Build.0 = Release|Any CPU
		{D0C5607C-A046-4BB4-96B8-5EDEB51F2B30}.Release|x64.ActiveCfg = Release|Any CPU
		{D0C5607C-A046-4BB4-96B8-5EDEB51F2B30}.Release|x64.Build.0 = Release|Any CPU
		{D0C5607C-A046-4BB4-96B8-5EDEB51F2B30}.Release|x86.ActiveCfg = Release|Any CPU
		{D0C5607C-A046-4BB4-96B8-5EDEB51F2B30}.Release|x86.Build.0 = Release|Any CPU
		{F6D3E9CE-7A13-4AAD-9EE7-95DE1C89CB49}.Debug|Any CPU.ActiveCfg = Debug|Any CPU
		{F6D3E9CE-7A13-4AAD-9EE7-95DE1C89CB49}.Debug|Any CPU.Build.0 = Debug|Any CPU
		{F6D3E9CE-7A13-4AAD-9EE7-95DE1C89CB49}.Debug|ARM.ActiveCfg = Debug|Any CPU
		{F6D3E9CE-7A13-4AAD-9EE7-95DE1C89CB49}.Debug|ARM.Build.0 = Debug|Any CPU
		{F6D3E9CE-7A13-4AAD-9EE7-95DE1C89CB49}.Debug|x64.ActiveCfg = Debug|Any CPU
		{F6D3E9CE-7A13-4AAD-9EE7-95DE1C89CB49}.Debug|x64.Build.0 = Debug|Any CPU
		{F6D3E9CE-7A13-4AAD-9EE7-95DE1C89CB49}.Debug|x86.ActiveCfg = Debug|Any CPU
		{F6D3E9CE-7A13-4AAD-9EE7-95DE1C89CB49}.Debug|x86.Build.0 = Debug|Any CPU
		{F6D3E9CE-7A13-4AAD-9EE7-95DE1C89CB49}.Release|Any CPU.ActiveCfg = Release|Any CPU
		{F6D3E9CE-7A13-4AAD-9EE7-95DE1C89CB49}.Release|Any CPU.Build.0 = Release|Any CPU
		{F6D3E9CE-7A13-4AAD-9EE7-95DE1C89CB49}.Release|ARM.ActiveCfg = Release|Any CPU
		{F6D3E9CE-7A13-4AAD-9EE7-95DE1C89CB49}.Release|ARM.Build.0 = Release|Any CPU
		{F6D3E9CE-7A13-4AAD-9EE7-95DE1C89CB49}.Release|x64.ActiveCfg = Release|Any CPU
		{F6D3E9CE-7A13-4AAD-9EE7-95DE1C89CB49}.Release|x64.Build.0 = Release|Any CPU
		{F6D3E9CE-7A13-4AAD-9EE7-95DE1C89CB49}.Release|x86.ActiveCfg = Release|Any CPU
		{F6D3E9CE-7A13-4AAD-9EE7-95DE1C89CB49}.Release|x86.Build.0 = Release|Any CPU
		{09DE4E9E-831D-4DC0-81F9-5CB373AD19B9}.Debug|Any CPU.ActiveCfg = Debug|Any CPU
		{09DE4E9E-831D-4DC0-81F9-5CB373AD19B9}.Debug|Any CPU.Build.0 = Debug|Any CPU
		{09DE4E9E-831D-4DC0-81F9-5CB373AD19B9}.Debug|ARM.ActiveCfg = Debug|Any CPU
		{09DE4E9E-831D-4DC0-81F9-5CB373AD19B9}.Debug|ARM.Build.0 = Debug|Any CPU
		{09DE4E9E-831D-4DC0-81F9-5CB373AD19B9}.Debug|x64.ActiveCfg = Debug|Any CPU
		{09DE4E9E-831D-4DC0-81F9-5CB373AD19B9}.Debug|x64.Build.0 = Debug|Any CPU
		{09DE4E9E-831D-4DC0-81F9-5CB373AD19B9}.Debug|x86.ActiveCfg = Debug|Any CPU
		{09DE4E9E-831D-4DC0-81F9-5CB373AD19B9}.Debug|x86.Build.0 = Debug|Any CPU
		{09DE4E9E-831D-4DC0-81F9-5CB373AD19B9}.Release|Any CPU.ActiveCfg = Release|Any CPU
		{09DE4E9E-831D-4DC0-81F9-5CB373AD19B9}.Release|Any CPU.Build.0 = Release|Any CPU
		{09DE4E9E-831D-4DC0-81F9-5CB373AD19B9}.Release|ARM.ActiveCfg = Release|Any CPU
		{09DE4E9E-831D-4DC0-81F9-5CB373AD19B9}.Release|ARM.Build.0 = Release|Any CPU
		{09DE4E9E-831D-4DC0-81F9-5CB373AD19B9}.Release|x64.ActiveCfg = Release|Any CPU
		{09DE4E9E-831D-4DC0-81F9-5CB373AD19B9}.Release|x64.Build.0 = Release|Any CPU
		{09DE4E9E-831D-4DC0-81F9-5CB373AD19B9}.Release|x86.ActiveCfg = Release|Any CPU
		{09DE4E9E-831D-4DC0-81F9-5CB373AD19B9}.Release|x86.Build.0 = Release|Any CPU
		{3CA50698-1463-4715-9C6A-98746AF25261}.Debug|Any CPU.ActiveCfg = Debug|Any CPU
		{3CA50698-1463-4715-9C6A-98746AF25261}.Debug|Any CPU.Build.0 = Debug|Any CPU
		{3CA50698-1463-4715-9C6A-98746AF25261}.Debug|ARM.ActiveCfg = Debug|Any CPU
		{3CA50698-1463-4715-9C6A-98746AF25261}.Debug|ARM.Build.0 = Debug|Any CPU
		{3CA50698-1463-4715-9C6A-98746AF25261}.Debug|x64.ActiveCfg = Debug|Any CPU
		{3CA50698-1463-4715-9C6A-98746AF25261}.Debug|x64.Build.0 = Debug|Any CPU
		{3CA50698-1463-4715-9C6A-98746AF25261}.Debug|x86.ActiveCfg = Debug|Any CPU
		{3CA50698-1463-4715-9C6A-98746AF25261}.Debug|x86.Build.0 = Debug|Any CPU
		{3CA50698-1463-4715-9C6A-98746AF25261}.Release|Any CPU.ActiveCfg = Release|Any CPU
		{3CA50698-1463-4715-9C6A-98746AF25261}.Release|Any CPU.Build.0 = Release|Any CPU
		{3CA50698-1463-4715-9C6A-98746AF25261}.Release|ARM.ActiveCfg = Release|Any CPU
		{3CA50698-1463-4715-9C6A-98746AF25261}.Release|ARM.Build.0 = Release|Any CPU
		{3CA50698-1463-4715-9C6A-98746AF25261}.Release|x64.ActiveCfg = Release|Any CPU
		{3CA50698-1463-4715-9C6A-98746AF25261}.Release|x64.Build.0 = Release|Any CPU
		{3CA50698-1463-4715-9C6A-98746AF25261}.Release|x86.ActiveCfg = Release|Any CPU
		{3CA50698-1463-4715-9C6A-98746AF25261}.Release|x86.Build.0 = Release|Any CPU
		{D6A62574-5A4C-48DF-9907-DB5B22F20F8D}.Debug|Any CPU.ActiveCfg = Debug|Any CPU
		{D6A62574-5A4C-48DF-9907-DB5B22F20F8D}.Debug|ARM.ActiveCfg = Debug|Any CPU
		{D6A62574-5A4C-48DF-9907-DB5B22F20F8D}.Debug|x64.ActiveCfg = Debug|Any CPU
		{D6A62574-5A4C-48DF-9907-DB5B22F20F8D}.Debug|x86.ActiveCfg = Debug|Any CPU
		{D6A62574-5A4C-48DF-9907-DB5B22F20F8D}.Release|Any CPU.ActiveCfg = Release|Any CPU
		{D6A62574-5A4C-48DF-9907-DB5B22F20F8D}.Release|ARM.ActiveCfg = Release|Any CPU
		{D6A62574-5A4C-48DF-9907-DB5B22F20F8D}.Release|x64.ActiveCfg = Release|Any CPU
		{D6A62574-5A4C-48DF-9907-DB5B22F20F8D}.Release|x86.ActiveCfg = Release|Any CPU
	EndGlobalSection
	GlobalSection(SolutionProperties) = preSolution
		HideSolutionNode = FALSE
	EndGlobalSection
	GlobalSection(ExtensibilityGlobals) = postSolution
		SolutionGuid = {B156B4AC-95BF-4C91-9A05-E08A2EC13DCE}
	EndGlobalSection
EndGlobal
